
Microsoft Visual Studio Solution File, Format Version 12.00
# Visual Studio Version 17
VisualStudioVersion = 17.11.35222.181
MinimumVisualStudioVersion = 10.0.40219.1
Project("{8BC9CEB8-8B4A-11D0-8D11-00A0C91BC942}") = "Topic3Task10_", "Topic3Task10_\Topic3Task10_.vcxproj", "{EA2684D3-C64C-4557-BBD4-38A72CFAF966}"
EndProject
Global
	GlobalSection(SolutionConfigurationPlatforms) = preSolution
		Debug|x64 = Debug|x64
		Debug|x86 = Debug|x86
		Release|x64 = Release|x64
		Release|x86 = Release|x86
	EndGlobalSection
	GlobalSection(ProjectConfigurationPlatforms) = postSolution
		{EA2684D3-C64C-4557-BBD4-38A72CFAF966}.Debug|x64.ActiveCfg = Debug|x64
		{EA2684D3-C64C-4557-BBD4-38A72CFAF966}.Debug|x64.Build.0 = Debug|x64
		{EA2684D3-C64C-4557-BBD4-38A72CFAF966}.Debug|x86.ActiveCfg = Debug|Win32
		{EA2684D3-C64C-4557-BBD4-38A72CFAF966}.Debug|x86.Build.0 = Debug|Win32
		{EA2684D3-C64C-4557-BBD4-38A72CFAF966}.Release|x64.ActiveCfg = Release|x64
		{EA2684D3-C64C-4557-BBD4-38A72CFAF966}.Release|x64.Build.0 = Release|x64
		{EA2684D3-C64C-4557-BBD4-38A72CFAF966}.Release|x86.ActiveCfg = Release|Win32
		{EA2684D3-C64C-4557-BBD4-38A72CFAF966}.Release|x86.Build.0 = Release|Win32
	EndGlobalSection
	GlobalSection(SolutionProperties) = preSolution
		HideSolutionNode = FALSE
	EndGlobalSection
	GlobalSection(ExtensibilityGlobals) = postSolution
		SolutionGuid = {B7BF2C92-BF30-4F23-A2FA-9D42E37CCE4A}
	EndGlobalSection
EndGlobal
